
Microsoft Visual Studio Solution File, Format Version 12.00
# Visual Studio Version 17
VisualStudioVersion = 17.11.35303.130
MinimumVisualStudioVersion = 10.0.40219.1
Project("{FAE04EC0-301F-11D3-BF4B-00C04F79EFBC}") = "BowlingGame", "BowlingGame\BowlingGame.csproj", "{1C370CAE-768D-4247-8814-57ADADBE5493}"
EndProject
Global
	GlobalSection(SolutionConfigurationPlatforms) = preSolution
		Debug|Any CPU = Debug|Any CPU
		Release|Any CPU = Release|Any CPU
	EndGlobalSection
	GlobalSection(ProjectConfigurationPlatforms) = postSolution
		{1C370CAE-768D-4247-8814-57ADADBE5493}.Debug|Any CPU.ActiveCfg = Debug|Any CPU
		{1C370CAE-768D-4247-8814-57ADADBE5493}.Debug|Any CPU.Build.0 = Debug|Any CPU
		{1C370CAE-768D-4247-8814-57ADADBE5493}.Release|Any CPU.ActiveCfg = Release|Any CPU
		{1C370CAE-768D-4247-8814-57ADADBE5493}.Release|Any CPU.Build.0 = Release|Any CPU
	EndGlobalSection
	GlobalSection(SolutionProperties) = preSolution
		HideSolutionNode = FALSE
	EndGlobalSection
	GlobalSection(ExtensibilityGlobals) = postSolution
		SolutionGuid = {A66B46B6-F82C-47C5-AB3B-01E96CD818F8}
	EndGlobalSection
EndGlobal
